{"format_version":"1.2","terraform_version":"1.14.3","variables":{"aws_region":{"value":"eu-central-1"},"cluster_name":{"value":"minimal-eks"}},"planned_values":{"outputs":{"cluster_endpoint":{"sensitive":false},"cluster_name":{"sensitive":false,"type":"string","value":"minimal-eks"}},"root_module":{"resources":[{"address":"aws_eip.nat","mode":"managed","type":"aws_eip","name":"nat","provider_name":"registry.terraform.io/hashicorp/aws","schema_version":0,"values":{"address":null,"associate_with_private_ip":null,"customer_owned_ipv4_pool":null,"domain":"vpc","tags":null,"timeouts":null},"sensitive_values":{"tags_all":{}}},{"address":"aws_eks_cluster.eks","mode":"managed","type":"aws_eks_cluster","name":"eks","provider_name":"registry.terraform.io/hashicorp/aws","schema_version":1,"values":{"bootstrap_self_managed_addons":true,"compute_config":[],"enabled_cluster_log_types":null,"encryption_config":[],"force_update_version":null,"name":"minimal-eks","outpost_config":[],"remote_network_config":[],"storage_config":[],"tags":null,"timeouts":null,"vpc_config":[{"endpoint_private_access":false,"endpoint_public_access":true,"security_group_ids":null}],"zonal_shift_config":[]},"sensitive_values":{"access_config":[],"certificate_authority":[],"compute_config":[],"encryption_config":[],"identity":[],"kubernetes_network_config":[],"outpost_config":[],"remote_network_config":[],"storage_config":[],"tags_all":{},"upgrade_policy":[],"vpc_config":[{"public_access_cidrs":[],"subnet_ids":[]}],"zonal_shift_config":[]}},{"address":"aws_eks_node_group.nodes","mode":"managed","type":"aws_eks_node_group","name":"nodes","provider_name":"registry.terraform.io/hashicorp/aws","schema_version":0,"values":{"cluster_name":"minimal-eks","force_update_version":null,"instance_types":["t3.small"],"labels":null,"launch_template":[],"node_group_name":"default","remote_access":[],"scaling_config":[{"desired_size":1,"max_size":2,"min_size":1}],"tags":null,"taint":[],"timeouts":null},"sensitive_values":{"instance_types":[false],"launch_template":[],"node_repair_config":[],"remote_access":[],"resources":[],"scaling_config":[{}],"subnet_ids":[],"tags_all":{},"taint":[],"update_config":[]}},{"address":"aws_iam_openid_connect_provider.eks","mode":"managed","type":"aws_iam_openid_connect_provider","name":"eks","provider_name":"registry.terraform.io/hashicorp/aws","schema_version":0,"values":{"client_id_list":["sts.amazonaws.com"],"tags":null},"sensitive_values":{"client_id_list":[false],"tags_all":{},"thumbprint_list":[]}},{"address":"aws_iam_role.alb_controller_role","mode":"managed","type":"aws_iam_role","name":"alb_controller_role","provider_name":"registry.terraform.io/hashicorp/aws","schema_version":0,"values":{"description":null,"force_detach_policies":false,"max_session_duration":3600,"name":"eks-alb-controller-role","path":"/","permissions_boundary":null,"tags":null},"sensitive_values":{"inline_policy":[],"managed_policy_arns":[],"tags_all":{}}},{"address":"aws_iam_role.eks_cluster_role","mode":"managed","type":"aws_iam_role","name":"eks_cluster_role","provider_name":"registry.terraform.io/hashicorp/aws","schema_version":0,"values":{"assume_role_policy":"{\"Statement\":[{\"Action\":\"sts:AssumeRole\",\"Effect\":\"Allow\",\"Principal\":{\"Service\":\"eks.amazonaws.com\"}}],\"Version\":\"2012-10-17\"}","description":null,"force_detach_policies":false,"max_session_duration":3600,"name":"eks-cluster-role","path":"/","permissions_boundary":null,"tags":null},"sensitive_values":{"inline_policy":[],"managed_policy_arns":[],"tags_all":{}}},{"address":"aws_iam_role.eks_node_role","mode":"managed","type":"aws_iam_role","name":"eks_node_role","provider_name":"registry.terraform.io/hashicorp/aws","schema_version":0,"values":{"assume_role_policy":"{\"Statement\":[{\"Action\":\"sts:AssumeRole\",\"Effect\":\"Allow\",\"Principal\":{\"Service\":\"ec2.amazonaws.com\"}}],\"Version\":\"2012-10-17\"}","description":null,"force_detach_policies":false,"max_session_duration":3600,"name":"eks-node-role","path":"/","permissions_boundary":null,"tags":null},"sensitive_values":{"inline_policy":[],"managed_policy_arns":[],"tags_all":{}}},{"address":"aws_iam_role_policy_attachment.alb_controller_policy","mode":"managed","type":"aws_iam_role_policy_attachment","name":"alb_controller_policy","provider_name":"registry.terraform.io/hashicorp/aws","schema_version":0,"values":{"policy_arn":"arn:aws:iam::aws:policy/ElasticLoadBalancingFullAccess","role":"eks-alb-controller-role"},"sensitive_values":{}},{"address":"aws_iam_role_policy_attachment.cluster_policy","mode":"managed","type":"aws_iam_role_policy_attachment","name":"cluster_policy","provider_name":"registry.terraform.io/hashicorp/aws","schema_version":0,"values":{"policy_arn":"arn:aws:iam::aws:policy/AmazonEKSClusterPolicy","role":"eks-cluster-role"},"sensitive_values":{}},{"address":"aws_iam_role_policy_attachment.cni_policy","mode":"managed","type":"aws_iam_role_policy_attachment","name":"cni_policy","provider_name":"registry.terraform.io/hashicorp/aws","schema_version":0,"values":{"policy_arn":"arn:aws:iam::aws:policy/AmazonEKS_CNI_Policy","role":"eks-node-role"},"sensitive_values":{}},{"address":"aws_iam_role_policy_attachment.registry_policy","mode":"managed","type":"aws_iam_role_policy_attachment","name":"registry_policy","provider_name":"registry.terraform.io/hashicorp/aws","schema_version":0,"values":{"policy_arn":"arn:aws:iam::aws:policy/AmazonEC2ContainerRegistryReadOnly","role":"eks-node-role"},"sensitive_values":{}},{"address":"aws_iam_role_policy_attachment.worker_policy","mode":"managed","type":"aws_iam_role_policy_attachment","name":"worker_policy","provider_name":"registry.terraform.io/hashicorp/aws","schema_version":0,"values":{"policy_arn":"arn:aws:iam::aws:policy/AmazonEKSWorkerNodePolicy","role":"eks-node-role"},"sensitive_values":{}},{"address":"aws_internet_gateway.igw","mode":"managed","type":"aws_internet_gateway","name":"igw","provider_name":"registry.terraform.io/hashicorp/aws","schema_version":0,"values":{"tags":null,"timeouts":null},"sensitive_values":{"tags_all":{}}},{"address":"aws_nat_gateway.nat","mode":"managed","type":"aws_nat_gateway","name":"nat","provider_name":"registry.terraform.io/hashicorp/aws","schema_version":0,"values":{"connectivity_type":"public","secondary_allocation_ids":null,"tags":null,"timeouts":null},"sensitive_values":{"secondary_private_ip_addresses":[],"tags_all":{}}},{"address":"aws_route_table.private","mode":"managed","type":"aws_route_table","name":"private","provider_name":"registry.terraform.io/hashicorp/aws","schema_version":0,"values":{"route":[{"carrier_gateway_id":"","cidr_block":"0.0.0.0/0","core_network_arn":"","destination_prefix_list_id":"","egress_only_gateway_id":"","gateway_id":"","ipv6_cidr_block":"","local_gateway_id":"","network_interface_id":"","transit_gateway_id":"","vpc_endpoint_id":"","vpc_peering_connection_id":""}],"tags":null,"timeouts":null},"sensitive_values":{"propagating_vgws":[],"route":[{}],"tags_all":{}}},{"address":"aws_route_table.public","mode":"managed","type":"aws_route_table","name":"public","provider_name":"registry.terraform.io/hashicorp/aws","schema_version":0,"values":{"route":[{"carrier_gateway_id":"","cidr_block":"0.0.0.0/0","core_network_arn":"","destination_prefix_list_id":"","egress_only_gateway_id":"","ipv6_cidr_block":"","local_gateway_id":"","nat_gateway_id":"","network_interface_id":"","transit_gateway_id":"","vpc_endpoint_id":"","vpc_peering_connection_id":""}],"tags":null,"timeouts":null},"sensitive_values":{"propagating_vgws":[],"route":[{}],"tags_all":{}}},{"address":"aws_route_table_association.private_a","mode":"managed","type":"aws_route_table_association","name":"private_a","provider_name":"registry.terraform.io/hashicorp/aws","schema_version":0,"values":{"gateway_id":null,"timeouts":null},"sensitive_values":{}},{"address":"aws_route_table_association.private_b","mode":"managed","type":"aws_route_table_association","name":"private_b","provider_name":"registry.terraform.io/hashicorp/aws","schema_version":0,"values":{"gateway_id":null,"timeouts":null},"sensitive_values":{}},{"address":"aws_route_table_association.public_a","mode":"managed","type":"aws_route_table_association","name":"public_a","provider_name":"registry.terraform.io/hashicorp/aws","schema_version":0,"values":{"gateway_id":null,"timeouts":null},"sensitive_values":{}},{"address":"aws_route_table_association.public_b","mode":"managed","type":"aws_route_table_association","name":"public_b","provider_name":"registry.terraform.io/hashicorp/aws","schema_version":0,"values":{"gateway_id":null,"timeouts":null},"sensitive_values":{}},{"address":"aws_subnet.private_a","mode":"managed","type":"aws_subnet","name":"private_a","provider_name":"registry.terraform.io/hashicorp/aws","schema_version":1,"values":{"assign_ipv6_address_on_creation":false,"availability_zone":"eu-central-1a","cidr_block":"10.0.11.0/24","customer_owned_ipv4_pool":null,"enable_dns64":false,"enable_lni_at_device_index":null,"enable_resource_name_dns_a_record_on_launch":false,"enable_resource_name_dns_aaaa_record_on_launch":false,"ipv6_cidr_block":null,"ipv6_native":false,"map_customer_owned_ip_on_launch":null,"map_public_ip_on_launch":false,"outpost_arn":null,"tags":{"Name":"private-a","kubernetes.io/cluster/eks":"owned","kubernetes.io/role/internal-elb":"1"},"tags_all":{"Name":"private-a","kubernetes.io/cluster/eks":"owned","kubernetes.io/role/internal-elb":"1"},"timeouts":null},"sensitive_values":{"tags":{},"tags_all":{}}},{"address":"aws_subnet.private_b","mode":"managed","type":"aws_subnet","name":"private_b","provider_name":"registry.terraform.io/hashicorp/aws","schema_version":1,"values":{"assign_ipv6_address_on_creation":false,"availability_zone":"eu-central-1b","cidr_block":"10.0.12.0/24","customer_owned_ipv4_pool":null,"enable_dns64":false,"enable_lni_at_device_index":null,"enable_resource_name_dns_a_record_on_launch":false,"enable_resource_name_dns_aaaa_record_on_launch":false,"ipv6_cidr_block":null,"ipv6_native":false,"map_customer_owned_ip_on_launch":null,"map_public_ip_on_launch":false,"outpost_arn":null,"tags":{"Name":"private-b","kubernetes.io/cluster/eks":"owned","kubernetes.io/role/internal-elb":"1"},"tags_all":{"Name":"private-b","kubernetes.io/cluster/eks":"owned","kubernetes.io/role/internal-elb":"1"},"timeouts":null},"sensitive_values":{"tags":{},"tags_all":{}}},{"address":"aws_subnet.public_a","mode":"managed","type":"aws_subnet","name":"public_a","provider_name":"registry.terraform.io/hashicorp/aws","schema_version":1,"values":{"assign_ipv6_address_on_creation":false,"availability_zone":"eu-central-1a","cidr_block":"10.0.1.0/24","customer_owned_ipv4_pool":null,"enable_dns64":false,"enable_lni_at_device_index":null,"enable_resource_name_dns_a_record_on_launch":false,"enable_resource_name_dns_aaaa_record_on_launch":false,"ipv6_cidr_block":null,"ipv6_native":false,"map_customer_owned_ip_on_launch":null,"map_public_ip_on_launch":true,"outpost_arn":null,"tags":{"Name":"public-a","kubernetes.io/cluster/eks":"owned","kubernetes.io/role/elb":"1"},"tags_all":{"Name":"public-a","kubernetes.io/cluster/eks":"owned","kubernetes.io/role/elb":"1"},"timeouts":null},"sensitive_values":{"tags":{},"tags_all":{}}},{"address":"aws_subnet.public_b","mode":"managed","type":"aws_subnet","name":"public_b","provider_name":"registry.terraform.io/hashicorp/aws","schema_version":1,"values":{"assign_ipv6_address_on_creation":false,"availability_zone":"eu-central-1b","cidr_block":"10.0.2.0/24","customer_owned_ipv4_pool":null,"enable_dns64":false,"enable_lni_at_device_index":null,"enable_resource_name_dns_a_record_on_launch":false,"enable_resource_name_dns_aaaa_record_on_launch":false,"ipv6_cidr_block":null,"ipv6_native":false,"map_customer_owned_ip_on_launch":null,"map_public_ip_on_launch":true,"outpost_arn":null,"tags":{"Name":"public-b","kubernetes.io/cluster/eks":"owned","kubernetes.io/role/elb":"1"},"tags_all":{"Name":"public-b","kubernetes.io/cluster/eks":"owned","kubernetes.io/role/elb":"1"},"timeouts":null},"sensitive_values":{"tags":{},"tags_all":{}}},{"address":"aws_vpc.main","mode":"managed","type":"aws_vpc","name":"main","provider_name":"registry.terraform.io/hashicorp/aws","schema_version":1,"values":{"assign_generated_ipv6_cidr_block":null,"cidr_block":"10.0.0.0/16","enable_dns_support":true,"instance_tenancy":"default","ipv4_ipam_pool_id":null,"ipv4_netmask_length":null,"ipv6_ipam_pool_id":null,"ipv6_netmask_length":null,"tags":{"Name":"eks-vpc"},"tags_all":{"Name":"eks-vpc"}},"sensitive_values":{"tags":{},"tags_all":{}}},{"address":"data.aws_iam_policy_document.alb_controller_assume_role","mode":"data","type":"aws_iam_policy_document","name":"alb_controller_assume_role","provider_name":"registry.terraform.io/hashicorp/aws","schema_version":0,"values":{"override_json":null,"override_policy_documents":null,"policy_id":null,"source_json":null,"source_policy_documents":null,"statement":[{"actions":["sts:AssumeRoleWithWebIdentity"],"condition":[{"test":"StringEquals","values":["system:serviceaccount:kube-system:aws-load-balancer-controller"]}],"effect":"Allow","not_actions":null,"not_principals":[],"not_resources":null,"principals":[{"identifiers":[null],"type":"Federated"}],"resources":null,"sid":null}],"version":null},"sensitive_values":{"statement":[{"actions":[false],"condition":[{"values":[false]}],"not_principals":[],"principals":[{"identifiers":[false]}]}]}},{"address":"data.tls_certificate.eks","mode":"data","type":"tls_certificate","name":"eks","provider_name":"registry.terraform.io/hashicorp/tls","schema_version":0,"values":{"content":null,"verify_chain":null},"sensitive_values":{"certificates":[]}}]}},"resource_changes":[{"address":"data.aws_iam_policy_document.alb_controller_assume_role","mode":"data","type":"aws_iam_policy_document","name":"alb_controller_assume_role","provider_name":"registry.terraform.io/hashicorp/aws","change":{"actions":["read"],"before":null,"after":{"override_json":null,"override_policy_documents":null,"policy_id":null,"source_json":null,"source_policy_documents":null,"statement":[{"actions":["sts:AssumeRoleWithWebIdentity"],"condition":[{"test":"StringEquals","values":["system:serviceaccount:kube-system:aws-load-balancer-controller"]}],"effect":"Allow","not_actions":null,"not_principals":[],"not_resources":null,"principals":[{"identifiers":[null],"type":"Federated"}],"resources":null,"sid":null}],"version":null},"after_unknown":{"id":true,"json":true,"minified_json":true,"statement":[{"actions":[false],"condition":[{"values":[false],"variable":true}],"not_principals":[],"principals":[{"identifiers":[true]}]}]},"before_sensitive":false,"after_sensitive":{"statement":[{"actions":[false],"condition":[{"values":[false]}],"not_principals":[],"principals":[{"identifiers":[false]}]}]}},"action_reason":"read_because_config_unknown"},{"address":"data.tls_certificate.eks","mode":"data","type":"tls_certificate","name":"eks","provider_name":"registry.terraform.io/hashicorp/tls","change":{"actions":["read"],"before":null,"after":{"content":null,"verify_chain":null},"after_unknown":{"certificates":true,"id":true,"url":true},"before_sensitive":false,"after_sensitive":{"certificates":[]}},"action_reason":"read_because_config_unknown"},{"address":"aws_eip.nat","mode":"managed","type":"aws_eip","name":"nat","provider_name":"registry.terraform.io/hashicorp/aws","change":{"actions":["create"],"before":null,"after":{"address":null,"associate_with_private_ip":null,"customer_owned_ipv4_pool":null,"domain":"vpc","tags":null,"timeouts":null},"after_unknown":{"allocation_id":true,"arn":true,"association_id":true,"carrier_ip":true,"customer_owned_ip":true,"id":true,"instance":true,"ipam_pool_id":true,"network_border_group":true,"network_interface":true,"private_dns":true,"private_ip":true,"ptr_record":true,"public_dns":true,"public_ip":true,"public_ipv4_pool":true,"tags_all":true,"vpc":true},"before_sensitive":false,"after_sensitive":{"tags_all":{}}}},{"address":"aws_eks_cluster.eks","mode":"managed","type":"aws_eks_cluster","name":"eks","provider_name":"registry.terraform.io/hashicorp/aws","change":{"actions":["create"],"before":null,"after":{"bootstrap_self_managed_addons":true,"compute_config":[],"enabled_cluster_log_types":null,"encryption_config":[],"force_update_version":null,"name":"minimal-eks","outpost_config":[],"remote_network_config":[],"storage_config":[],"tags":null,"timeouts":null,"vpc_config":[{"endpoint_private_access":false,"endpoint_public_access":true,"security_group_ids":null}],"zonal_shift_config":[]},"after_unknown":{"access_config":true,"arn":true,"certificate_authority":true,"cluster_id":true,"compute_config":[],"created_at":true,"encryption_config":[],"endpoint":true,"id":true,"identity":true,"kubernetes_network_config":true,"outpost_config":[],"platform_version":true,"remote_network_config":[],"role_arn":true,"status":true,"storage_config":[],"tags_all":true,"upgrade_policy":true,"version":true,"vpc_config":[{"cluster_security_group_id":true,"public_access_cidrs":true,"subnet_ids":true,"vpc_id":true}],"zonal_shift_config":[]},"before_sensitive":false,"after_sensitive":{"access_config":[],"certificate_authority":[],"compute_config":[],"encryption_config":[],"identity":[],"kubernetes_network_config":[],"outpost_config":[],"remote_network_config":[],"storage_config":[],"tags_all":{},"upgrade_policy":[],"vpc_config":[{"public_access_cidrs":[],"subnet_ids":[]}],"zonal_shift_config":[]}}},{"address":"aws_eks_node_group.nodes","mode":"managed","type":"aws_eks_node_group","name":"nodes","provider_name":"registry.terraform.io/hashicorp/aws","change":{"actions":["create"],"before":null,"after":{"cluster_name":"minimal-eks","force_update_version":null,"instance_types":["t3.small"],"labels":null,"launch_template":[],"node_group_name":"default","remote_access":[],"scaling_config":[{"desired_size":1,"max_size":2,"min_size":1}],"tags":null,"taint":[],"timeouts":null},"after_unknown":{"ami_type":true,"arn":true,"capacity_type":true,"disk_size":true,"id":true,"instance_types":[false],"launch_template":[],"node_group_name_prefix":true,"node_repair_config":true,"node_role_arn":true,"release_version":true,"remote_access":[],"resources":true,"scaling_config":[{}],"status":true,"subnet_ids":true,"tags_all":true,"taint":[],"update_config":true,"version":true},"before_sensitive":false,"after_sensitive":{"instance_types":[false],"launch_template":[],"node_repair_config":[],"remote_access":[],"resources":[],"scaling_config":[{}],"subnet_ids":[],"tags_all":{},"taint":[],"update_config":[]}}},{"address":"aws_iam_openid_connect_provider.eks","mode":"managed","type":"aws_iam_openid_connect_provider","name":"eks","provider_name":"registry.terraform.io/hashicorp/aws","change":{"actions":["create"],"before":null,"after":{"client_id_list":["sts.amazonaws.com"],"tags":null},"after_unknown":{"arn":true,"client_id_list":[false],"id":true,"tags_all":true,"thumbprint_list":true,"url":true},"before_sensitive":false,"after_sensitive":{"client_id_list":[false],"tags_all":{},"thumbprint_list":[]}}},{"address":"aws_iam_role.alb_controller_role","mode":"managed","type":"aws_iam_role","name":"alb_controller_role","provider_name":"registry.terraform.io/hashicorp/aws","change":{"actions":["create"],"before":null,"after":{"description":null,"force_detach_policies":false,"max_session_duration":3600,"name":"eks-alb-controller-role","path":"/","permissions_boundary":null,"tags":null},"after_unknown":{"arn":true,"assume_role_policy":true,"create_date":true,"id":true,"inline_policy":true,"managed_policy_arns":true,"name_prefix":true,"tags_all":true,"unique_id":true},"before_sensitive":false,"after_sensitive":{"inline_policy":[],"managed_policy_arns":[],"tags_all":{}}}},{"address":"aws_iam_role.eks_cluster_role","mode":"managed","type":"aws_iam_role","name":"eks_cluster_role","provider_name":"registry.terraform.io/hashicorp/aws","change":{"actions":["create"],"before":null,"after":{"assume_role_policy":"{\"Statement\":[{\"Action\":\"sts:AssumeRole\",\"Effect\":\"Allow\",\"Principal\":{\"Service\":\"eks.amazonaws.com\"}}],\"Version\":\"2012-10-17\"}","description":null,"force_detach_policies":false,"max_session_duration":3600,"name":"eks-cluster-role","path":"/","permissions_boundary":null,"tags":null},"after_unknown":{"arn":true,"create_date":true,"id":true,"inline_policy":true,"managed_policy_arns":true,"name_prefix":true,"tags_all":true,"unique_id":true},"before_sensitive":false,"after_sensitive":{"inline_policy":[],"managed_policy_arns":[],"tags_all":{}}}},{"address":"aws_iam_role.eks_node_role","mode":"managed","type":"aws_iam_role","name":"eks_node_role","provider_name":"registry.terraform.io/hashicorp/aws","change":{"actions":["create"],"before":null,"after":{"assume_role_policy":"{\"Statement\":[{\"Action\":\"sts:AssumeRole\",\"Effect\":\"Allow\",\"Principal\":{\"Service\":\"ec2.amazonaws.com\"}}],\"Version\":\"2012-10-17\"}","description":null,"force_detach_policies":false,"max_session_duration":3600,"name":"eks-node-role","path":"/","permissions_boundary":null,"tags":null},"after_unknown":{"arn":true,"create_date":true,"id":true,"inline_policy":true,"managed_policy_arns":true,"name_prefix":true,"tags_all":true,"unique_id":true},"before_sensitive":false,"after_sensitive":{"inline_policy":[],"managed_policy_arns":[],"tags_all":{}}}},{"address":"aws_iam_role_policy_attachment.alb_controller_policy","mode":"managed","type":"aws_iam_role_policy_attachment","name":"alb_controller_policy","provider_name":"registry.terraform.io/hashicorp/aws","change":{"actions":["create"],"before":null,"after":{"policy_arn":"arn:aws:iam::aws:policy/ElasticLoadBalancingFullAccess","role":"eks-alb-controller-role"},"after_unknown":{"id":true},"before_sensitive":false,"after_sensitive":{}}},{"address":"aws_iam_role_policy_attachment.cluster_policy","mode":"managed","type":"aws_iam_role_policy_attachment","name":"cluster_policy","provider_name":"registry.terraform.io/hashicorp/aws","change":{"actions":["create"],"before":null,"after":{"policy_arn":"arn:aws:iam::aws:policy/AmazonEKSClusterPolicy","role":"eks-cluster-role"},"after_unknown":{"id":true},"before_sensitive":false,"after_sensitive":{}}},{"address":"aws_iam_role_policy_attachment.cni_policy","mode":"managed","type":"aws_iam_role_policy_attachment","name":"cni_policy","provider_name":"registry.terraform.io/hashicorp/aws","change":{"actions":["create"],"before":null,"after":{"policy_arn":"arn:aws:iam::aws:policy/AmazonEKS_CNI_Policy","role":"eks-node-role"},"after_unknown":{"id":true},"before_sensitive":false,"after_sensitive":{}}},{"address":"aws_iam_role_policy_attachment.registry_policy","mode":"managed","type":"aws_iam_role_policy_attachment","name":"registry_policy","provider_name":"registry.terraform.io/hashicorp/aws","change":{"actions":["create"],"before":null,"after":{"policy_arn":"arn:aws:iam::aws:policy/AmazonEC2ContainerRegistryReadOnly","role":"eks-node-role"},"after_unknown":{"id":true},"before_sensitive":false,"after_sensitive":{}}},{"address":"aws_iam_role_policy_attachment.worker_policy","mode":"managed","type":"aws_iam_role_policy_attachment","name":"worker_policy","provider_name":"registry.terraform.io/hashicorp/aws","change":{"actions":["create"],"before":null,"after":{"policy_arn":"arn:aws:iam::aws:policy/AmazonEKSWorkerNodePolicy","role":"eks-node-role"},"after_unknown":{"id":true},"before_sensitive":false,"after_sensitive":{}}},{"address":"aws_internet_gateway.igw","mode":"managed","type":"aws_internet_gateway","name":"igw","provider_name":"registry.terraform.io/hashicorp/aws","change":{"actions":["create"],"before":null,"after":{"tags":null,"timeouts":null},"after_unknown":{"arn":true,"id":true,"owner_id":true,"tags_all":true,"vpc_id":true},"before_sensitive":false,"after_sensitive":{"tags_all":{}}}},{"address":"aws_nat_gateway.nat","mode":"managed","type":"aws_nat_gateway","name":"nat","provider_name":"registry.terraform.io/hashicorp/aws","change":{"actions":["create"],"before":null,"after":{"connectivity_type":"public","secondary_allocation_ids":null,"tags":null,"timeouts":null},"after_unknown":{"allocation_id":true,"association_id":true,"id":true,"network_interface_id":true,"private_ip":true,"public_ip":true,"secondary_private_ip_address_count":true,"secondary_private_ip_addresses":true,"subnet_id":true,"tags_all":true},"before_sensitive":false,"after_sensitive":{"secondary_private_ip_addresses":[],"tags_all":{}}}},{"address":"aws_route_table.private","mode":"managed","type":"aws_route_table","name":"private","provider_name":"registry.terraform.io/hashicorp/aws","change":{"actions":["create"],"before":null,"after":{"route":[{"carrier_gateway_id":"","cidr_block":"0.0.0.0/0","core_network_arn":"","destination_prefix_list_id":"","egress_only_gateway_id":"","gateway_id":"","ipv6_cidr_block":"","local_gateway_id":"","network_interface_id":"","transit_gateway_id":"","vpc_endpoint_id":"","vpc_peering_connection_id":""}],"tags":null,"timeouts":null},"after_unknown":{"arn":true,"id":true,"owner_id":true,"propagating_vgws":true,"route":[{"nat_gateway_id":true}],"tags_all":true,"vpc_id":true},"before_sensitive":false,"after_sensitive":{"propagating_vgws":[],"route":[{}],"tags_all":{}}}},{"address":"aws_route_table.public","mode":"managed","type":"aws_route_table","name":"public","provider_name":"registry.terraform.io/hashicorp/aws","change":{"actions":["create"],"before":null,"after":{"route":[{"carrier_gateway_id":"","cidr_block":"0.0.0.0/0","core_network_arn":"","destination_prefix_list_id":"","egress_only_gateway_id":"","ipv6_cidr_block":"","local_gateway_id":"","nat_gateway_id":"","network_interface_id":"","transit_gateway_id":"","vpc_endpoint_id":"","vpc_peering_connection_id":""}],"tags":null,"timeouts":null},"after_unknown":{"arn":true,"id":true,"owner_id":true,"propagating_vgws":true,"route":[{"gateway_id":true}],"tags_all":true,"vpc_id":true},"before_sensitive":false,"after_sensitive":{"propagating_vgws":[],"route":[{}],"tags_all":{}}}},{"address":"aws_route_table_association.private_a","mode":"managed","type":"aws_route_table_association","name":"private_a","provider_name":"registry.terraform.io/hashicorp/aws","change":{"actions":["create"],"before":null,"after":{"gateway_id":null,"timeouts":null},"after_unknown":{"id":true,"route_table_id":true,"subnet_id":true},"before_sensitive":false,"after_sensitive":{}}},{"address":"aws_route_table_association.private_b","mode":"managed","type":"aws_route_table_association","name":"private_b","provider_name":"registry.terraform.io/hashicorp/aws","change":{"actions":["create"],"before":null,"after":{"gateway_id":null,"timeouts":null},"after_unknown":{"id":true,"route_table_id":true,"subnet_id":true},"before_sensitive":false,"after_sensitive":{}}},{"address":"aws_route_table_association.public_a","mode":"managed","type":"aws_route_table_association","name":"public_a","provider_name":"registry.terraform.io/hashicorp/aws","change":{"actions":["create"],"before":null,"after":{"gateway_id":null,"timeouts":null},"after_unknown":{"id":true,"route_table_id":true,"subnet_id":true},"before_sensitive":false,"after_sensitive":{}}},{"address":"aws_route_table_association.public_b","mode":"managed","type":"aws_route_table_association","name":"public_b","provider_name":"registry.terraform.io/hashicorp/aws","change":{"actions":["create"],"before":null,"after":{"gateway_id":null,"timeouts":null},"after_unknown":{"id":true,"route_table_id":true,"subnet_id":true},"before_sensitive":false,"after_sensitive":{}}},{"address":"aws_subnet.private_a","mode":"managed","type":"aws_subnet","name":"private_a","provider_name":"registry.terraform.io/hashicorp/aws","change":{"actions":["create"],"before":null,"after":{"assign_ipv6_address_on_creation":false,"availability_zone":"eu-central-1a","cidr_block":"10.0.11.0/24","customer_owned_ipv4_pool":null,"enable_dns64":false,"enable_lni_at_device_index":null,"enable_resource_name_dns_a_record_on_launch":false,"enable_resource_name_dns_aaaa_record_on_launch":false,"ipv6_cidr_block":null,"ipv6_native":false,"map_customer_owned_ip_on_launch":null,"map_public_ip_on_launch":false,"outpost_arn":null,"tags":{"Name":"private-a","kubernetes.io/cluster/eks":"owned","kubernetes.io/role/internal-elb":"1"},"tags_all":{"Name":"private-a","kubernetes.io/cluster/eks":"owned","kubernetes.io/role/internal-elb":"1"},"timeouts":null},"after_unknown":{"arn":true,"availability_zone_id":true,"id":true,"ipv6_cidr_block_association_id":true,"owner_id":true,"private_dns_hostname_type_on_launch":true,"tags":{},"tags_all":{},"vpc_id":true},"before_sensitive":false,"after_sensitive":{"tags":{},"tags_all":{}}}},{"address":"aws_subnet.private_b","mode":"managed","type":"aws_subnet","name":"private_b","provider_name":"registry.terraform.io/hashicorp/aws","change":{"actions":["create"],"before":null,"after":{"assign_ipv6_address_on_creation":false,"availability_zone":"eu-central-1b","cidr_block":"10.0.12.0/24","customer_owned_ipv4_pool":null,"enable_dns64":false,"enable_lni_at_device_index":null,"enable_resource_name_dns_a_record_on_launch":false,"enable_resource_name_dns_aaaa_record_on_launch":false,"ipv6_cidr_block":null,"ipv6_native":false,"map_customer_owned_ip_on_launch":null,"map_public_ip_on_launch":false,"outpost_arn":null,"tags":{"Name":"private-b","kubernetes.io/cluster/eks":"owned","kubernetes.io/role/internal-elb":"1"},"tags_all":{"Name":"private-b","kubernetes.io/cluster/eks":"owned","kubernetes.io/role/internal-elb":"1"},"timeouts":null},"after_unknown":{"arn":true,"availability_zone_id":true,"id":true,"ipv6_cidr_block_association_id":true,"owner_id":true,"private_dns_hostname_type_on_launch":true,"tags":{},"tags_all":{},"vpc_id":true},"before_sensitive":false,"after_sensitive":{"tags":{},"tags_all":{}}}},{"address":"aws_subnet.public_a","mode":"managed","type":"aws_subnet","name":"public_a","provider_name":"registry.terraform.io/hashicorp/aws","change":{"actions":["create"],"before":null,"after":{"assign_ipv6_address_on_creation":false,"availability_zone":"eu-central-1a","cidr_block":"10.0.1.0/24","customer_owned_ipv4_pool":null,"enable_dns64":false,"enable_lni_at_device_index":null,"enable_resource_name_dns_a_record_on_launch":false,"enable_resource_name_dns_aaaa_record_on_launch":false,"ipv6_cidr_block":null,"ipv6_native":false,"map_customer_owned_ip_on_launch":null,"map_public_ip_on_launch":true,"outpost_arn":null,"tags":{"Name":"public-a","kubernetes.io/cluster/eks":"owned","kubernetes.io/role/elb":"1"},"tags_all":{"Name":"public-a","kubernetes.io/cluster/eks":"owned","kubernetes.io/role/elb":"1"},"timeouts":null},"after_unknown":{"arn":true,"availability_zone_id":true,"id":true,"ipv6_cidr_block_association_id":true,"owner_id":true,"private_dns_hostname_type_on_launch":true,"tags":{},"tags_all":{},"vpc_id":true},"before_sensitive":false,"after_sensitive":{"tags":{},"tags_all":{}}}},{"address":"aws_subnet.public_b","mode":"managed","type":"aws_subnet","name":"public_b","provider_name":"registry.terraform.io/hashicorp/aws","change":{"actions":["create"],"before":null,"after":{"assign_ipv6_address_on_creation":false,"availability_zone":"eu-central-1b","cidr_block":"10.0.2.0/24","customer_owned_ipv4_pool":null,"enable_dns64":false,"enable_lni_at_device_index":null,"enable_resource_name_dns_a_record_on_launch":false,"enable_resource_name_dns_aaaa_record_on_launch":false,"ipv6_cidr_block":null,"ipv6_native":false,"map_customer_owned_ip_on_launch":null,"map_public_ip_on_launch":true,"outpost_arn":null,"tags":{"Name":"public-b","kubernetes.io/cluster/eks":"owned","kubernetes.io/role/elb":"1"},"tags_all":{"Name":"public-b","kubernetes.io/cluster/eks":"owned","kubernetes.io/role/elb":"1"},"timeouts":null},"after_unknown":{"arn":true,"availability_zone_id":true,"id":true,"ipv6_cidr_block_association_id":true,"owner_id":true,"private_dns_hostname_type_on_launch":true,"tags":{},"tags_all":{},"vpc_id":true},"before_sensitive":false,"after_sensitive":{"tags":{},"tags_all":{}}}},{"address":"aws_vpc.main","mode":"managed","type":"aws_vpc","name":"main","provider_name":"registry.terraform.io/hashicorp/aws","change":{"actions":["create"],"before":null,"after":{"assign_generated_ipv6_cidr_block":null,"cidr_block":"10.0.0.0/16","enable_dns_support":true,"instance_tenancy":"default","ipv4_ipam_pool_id":null,"ipv4_netmask_length":null,"ipv6_ipam_pool_id":null,"ipv6_netmask_length":null,"tags":{"Name":"eks-vpc"},"tags_all":{"Name":"eks-vpc"}},"after_unknown":{"arn":true,"default_network_acl_id":true,"default_route_table_id":true,"default_security_group_id":true,"dhcp_options_id":true,"enable_dns_hostnames":true,"enable_network_address_usage_metrics":true,"id":true,"ipv6_association_id":true,"ipv6_cidr_block":true,"ipv6_cidr_block_network_border_group":true,"main_route_table_id":true,"owner_id":true,"tags":{},"tags_all":{}},"before_sensitive":false,"after_sensitive":{"tags":{},"tags_all":{}}}}],"output_changes":{"cluster_endpoint":{"actions":["create"],"before":null,"after_unknown":true,"before_sensitive":false,"after_sensitive":false},"cluster_name":{"actions":["create"],"before":null,"after":"minimal-eks","after_unknown":false,"before_sensitive":false,"after_sensitive":false}},"prior_state":{"format_version":"1.0","terraform_version":"1.14.3","values":{"outputs":{"cluster_name":{"sensitive":false,"value":"minimal-eks","type":"string"}},"root_module":{}}},"configuration":{"provider_config":{"aws":{"name":"aws","full_name":"registry.terraform.io/hashicorp/aws","version_constraint":"~\u003e 5.0","expressions":{"region":{"references":["var.aws_region"]}}},"tls":{"name":"tls","full_name":"registry.terraform.io/hashicorp/tls"}},"root_module":{"outputs":{"cluster_endpoint":{"expression":{"references":["aws_eks_cluster.eks.endpoint","aws_eks_cluster.eks"]}},"cluster_name":{"expression":{"references":["aws_eks_cluster.eks.name","aws_eks_cluster.eks"]}}},"resources":[{"address":"aws_eip.nat","mode":"managed","type":"aws_eip","name":"nat","provider_config_key":"aws","expressions":{"domain":{"constant_value":"vpc"}},"schema_version":0},{"address":"aws_eks_cluster.eks","mode":"managed","type":"aws_eks_cluster","name":"eks","provider_config_key":"aws","expressions":{"name":{"references":["var.cluster_name"]},"role_arn":{"references":["aws_iam_role.eks_cluster_role.arn","aws_iam_role.eks_cluster_role"]},"vpc_config":[{"subnet_ids":{"references":["aws_subnet.private_a.id","aws_subnet.private_a","aws_subnet.private_b.id","aws_subnet.private_b"]}}]},"schema_version":1,"depends_on":["aws_iam_role_policy_attachment.cluster_policy"]},{"address":"aws_eks_node_group.nodes","mode":"managed","type":"aws_eks_node_group","name":"nodes","provider_config_key":"aws","expressions":{"cluster_name":{"references":["aws_eks_cluster.eks.name","aws_eks_cluster.eks"]},"instance_types":{"constant_value":["t3.small"]},"node_group_name":{"constant_value":"default"},"node_role_arn":{"references":["aws_iam_role.eks_node_role.arn","aws_iam_role.eks_node_role"]},"scaling_config":[{"desired_size":{"constant_value":1},"max_size":{"constant_value":2},"min_size":{"constant_value":1}}],"subnet_ids":{"references":["aws_subnet.private_a.id","aws_subnet.private_a","aws_subnet.private_b.id","aws_subnet.private_b"]}},"schema_version":0,"depends_on":["aws_iam_role_policy_attachment.worker_policy","aws_iam_role_policy_attachment.cni_policy","aws_iam_role_policy_attachment.registry_policy"]},{"address":"aws_iam_openid_connect_provider.eks","mode":"managed","type":"aws_iam_openid_connect_provider","name":"eks","provider_config_key":"aws","expressions":{"client_id_list":{"constant_value":["sts.amazonaws.com"]},"thumbprint_list":{"references":["data.tls_certificate.eks.certificates[0].sha1_fingerprint","data.tls_certificate.eks.certificates[0]","data.tls_certificate.eks.certificates","data.tls_certificate.eks"]},"url":{"references":["aws_eks_cluster.eks.identity[0].oidc[0].issuer","aws_eks_cluster.eks.identity[0].oidc[0]","aws_eks_cluster.eks.identity[0].oidc","aws_eks_cluster.eks.identity[0]","aws_eks_cluster.eks.identity","aws_eks_cluster.eks"]}},"schema_version":0,"depends_on":["aws_eks_cluster.eks"]},{"address":"aws_iam_role.alb_controller_role","mode":"managed","type":"aws_iam_role","name":"alb_controller_role","provider_config_key":"aws","expressions":{"assume_role_policy":{"references":["data.aws_iam_policy_document.alb_controller_assume_role.json","data.aws_iam_policy_document.alb_controller_assume_role"]},"name":{"constant_value":"eks-alb-controller-role"}},"schema_version":0},{"address":"aws_iam_role.eks_cluster_role","mode":"managed","type":"aws_iam_role","name":"eks_cluster_role","provider_config_key":"aws","expressions":{"assume_role_policy":{},"name":{"constant_value":"eks-cluster-role"}},"schema_version":0},{"address":"aws_iam_role.eks_node_role","mode":"managed","type":"aws_iam_role","name":"eks_node_role","provider_config_key":"aws","expressions":{"assume_role_policy":{},"name":{"constant_value":"eks-node-role"}},"schema_version":0},{"address":"aws_iam_role_policy_attachment.alb_controller_policy","mode":"managed","type":"aws_iam_role_policy_attachment","name":"alb_controller_policy","provider_config_key":"aws","expressions":{"policy_arn":{"constant_value":"arn:aws:iam::aws:policy/ElasticLoadBalancingFullAccess"},"role":{"references":["aws_iam_role.alb_controller_role.name","aws_iam_role.alb_controller_role"]}},"schema_version":0},{"address":"aws_iam_role_policy_attachment.cluster_policy","mode":"managed","type":"aws_iam_role_policy_attachment","name":"cluster_policy","provider_config_key":"aws","expressions":{"policy_arn":{"constant_value":"arn:aws:iam::aws:policy/AmazonEKSClusterPolicy"},"role":{"references":["aws_iam_role.eks_cluster_role.name","aws_iam_role.eks_cluster_role"]}},"schema_version":0},{"address":"aws_iam_role_policy_attachment.cni_policy","mode":"managed","type":"aws_iam_role_policy_attachment","name":"cni_policy","provider_config_key":"aws","expressions":{"policy_arn":{"constant_value":"arn:aws:iam::aws:policy/AmazonEKS_CNI_Policy"},"role":{"references":["aws_iam_role.eks_node_role.name","aws_iam_role.eks_node_role"]}},"schema_version":0},{"address":"aws_iam_role_policy_attachment.registry_policy","mode":"managed","type":"aws_iam_role_policy_attachment","name":"registry_policy","provider_config_key":"aws","expressions":{"policy_arn":{"constant_value":"arn:aws:iam::aws:policy/AmazonEC2ContainerRegistryReadOnly"},"role":{"references":["aws_iam_role.eks_node_role.name","aws_iam_role.eks_node_role"]}},"schema_version":0},{"address":"aws_iam_role_policy_attachment.worker_policy","mode":"managed","type":"aws_iam_role_policy_attachment","name":"worker_policy","provider_config_key":"aws","expressions":{"policy_arn":{"constant_value":"arn:aws:iam::aws:policy/AmazonEKSWorkerNodePolicy"},"role":{"references":["aws_iam_role.eks_node_role.name","aws_iam_role.eks_node_role"]}},"schema_version":0},{"address":"aws_internet_gateway.igw","mode":"managed","type":"aws_internet_gateway","name":"igw","provider_config_key":"aws","expressions":{"vpc_id":{"references":["aws_vpc.main.id","aws_vpc.main"]}},"schema_version":0},{"address":"aws_nat_gateway.nat","mode":"managed","type":"aws_nat_gateway","name":"nat","provider_config_key":"aws","expressions":{"allocation_id":{"references":["aws_eip.nat.id","aws_eip.nat"]},"subnet_id":{"references":["aws_subnet.public_a.id","aws_subnet.public_a"]}},"schema_version":0,"depends_on":["aws_internet_gateway.igw"]},{"address":"aws_route_table.private","mode":"managed","type":"aws_route_table","name":"private","provider_config_key":"aws","expressions":{"route":{"references":["aws_nat_gateway.nat.id","aws_nat_gateway.nat"]},"vpc_id":{"references":["aws_vpc.main.id","aws_vpc.main"]}},"schema_version":0},{"address":"aws_route_table.public","mode":"managed","type":"aws_route_table","name":"public","provider_config_key":"aws","expressions":{"route":{"references":["aws_internet_gateway.igw.id","aws_internet_gateway.igw"]},"vpc_id":{"references":["aws_vpc.main.id","aws_vpc.main"]}},"schema_version":0},{"address":"aws_route_table_association.private_a","mode":"managed","type":"aws_route_table_association","name":"private_a","provider_config_key":"aws","expressions":{"route_table_id":{"references":["aws_route_table.private.id","aws_route_table.private"]},"subnet_id":{"references":["aws_subnet.private_a.id","aws_subnet.private_a"]}},"schema_version":0},{"address":"aws_route_table_association.private_b","mode":"managed","type":"aws_route_table_association","name":"private_b","provider_config_key":"aws","expressions":{"route_table_id":{"references":["aws_route_table.private.id","aws_route_table.private"]},"subnet_id":{"references":["aws_subnet.private_b.id","aws_subnet.private_b"]}},"schema_version":0},{"address":"aws_route_table_association.public_a","mode":"managed","type":"aws_route_table_association","name":"public_a","provider_config_key":"aws","expressions":{"route_table_id":{"references":["aws_route_table.public.id","aws_route_table.public"]},"subnet_id":{"references":["aws_subnet.public_a.id","aws_subnet.public_a"]}},"schema_version":0},{"address":"aws_route_table_association.public_b","mode":"managed","type":"aws_route_table_association","name":"public_b","provider_config_key":"aws","expressions":{"route_table_id":{"references":["aws_route_table.public.id","aws_route_table.public"]},"subnet_id":{"references":["aws_subnet.public_b.id","aws_subnet.public_b"]}},"schema_version":0},{"address":"aws_subnet.private_a","mode":"managed","type":"aws_subnet","name":"private_a","provider_config_key":"aws","expressions":{"availability_zone":{"references":["var.aws_region"]},"cidr_block":{"constant_value":"10.0.11.0/24"},"tags":{"constant_value":{"Name":"private-a","kubernetes.io/cluster/eks":"owned","kubernetes.io/role/internal-elb":"1"}},"vpc_id":{"references":["aws_vpc.main.id","aws_vpc.main"]}},"schema_version":1},{"address":"aws_subnet.private_b","mode":"managed","type":"aws_subnet","name":"private_b","provider_config_key":"aws","expressions":{"availability_zone":{"references":["var.aws_region"]},"cidr_block":{"constant_value":"10.0.12.0/24"},"tags":{"constant_value":{"Name":"private-b","kubernetes.io/cluster/eks":"owned","kubernetes.io/role/internal-elb":"1"}},"vpc_id":{"references":["aws_vpc.main.id","aws_vpc.main"]}},"schema_version":1},{"address":"aws_subnet.public_a","mode":"managed","type":"aws_subnet","name":"public_a","provider_config_key":"aws","expressions":{"availability_zone":{"references":["var.aws_region"]},"cidr_block":{"constant_value":"10.0.1.0/24"},"map_public_ip_on_launch":{"constant_value":true},"tags":{"constant_value":{"Name":"public-a","kubernetes.io/cluster/eks":"owned","kubernetes.io/role/elb":"1"}},"vpc_id":{"references":["aws_vpc.main.id","aws_vpc.main"]}},"schema_version":1},{"address":"aws_subnet.public_b","mode":"managed","type":"aws_subnet","name":"public_b","provider_config_key":"aws","expressions":{"availability_zone":{"references":["var.aws_region"]},"cidr_block":{"constant_value":"10.0.2.0/24"},"map_public_ip_on_launch":{"constant_value":true},"tags":{"constant_value":{"Name":"public-b","kubernetes.io/cluster/eks":"owned","kubernetes.io/role/elb":"1"}},"vpc_id":{"references":["aws_vpc.main.id","aws_vpc.main"]}},"schema_version":1},{"address":"aws_vpc.main","mode":"managed","type":"aws_vpc","name":"main","provider_config_key":"aws","expressions":{"cidr_block":{"constant_value":"10.0.0.0/16"},"tags":{"constant_value":{"Name":"eks-vpc"}}},"schema_version":1},{"address":"data.aws_iam_policy_document.alb_controller_assume_role","mode":"data","type":"aws_iam_policy_document","name":"alb_controller_assume_role","provider_config_key":"aws","expressions":{"statement":[{"actions":{"constant_value":["sts:AssumeRoleWithWebIdentity"]},"condition":[{"test":{"constant_value":"StringEquals"},"values":{"constant_value":["system:serviceaccount:kube-system:aws-load-balancer-controller"]},"variable":{"references":["aws_iam_openid_connect_provider.eks.url","aws_iam_openid_connect_provider.eks"]}}],"effect":{"constant_value":"Allow"},"principals":[{"identifiers":{"references":["aws_iam_openid_connect_provider.eks.arn","aws_iam_openid_connect_provider.eks"]},"type":{"constant_value":"Federated"}}]}]},"schema_version":0},{"address":"data.tls_certificate.eks","mode":"data","type":"tls_certificate","name":"eks","provider_config_key":"tls","expressions":{"url":{"references":["aws_eks_cluster.eks.identity[0].oidc[0].issuer","aws_eks_cluster.eks.identity[0].oidc[0]","aws_eks_cluster.eks.identity[0].oidc","aws_eks_cluster.eks.identity[0]","aws_eks_cluster.eks.identity","aws_eks_cluster.eks"]}},"schema_version":0}],"variables":{"aws_region":{"default":"eu-central-1","description":"AWS region"},"cluster_name":{"default":"minimal-eks","description":"EKS cluster name"}}}},"relevant_attributes":[{"resource":"aws_iam_openid_connect_provider.eks","attribute":["arn"]},{"resource":"aws_subnet.public_b","attribute":["id"]},{"resource":"aws_eks_cluster.eks","attribute":["endpoint"]},{"resource":"aws_iam_role.alb_controller_role","attribute":["name"]},{"resource":"aws_route_table.public","attribute":["id"]},{"resource":"data.tls_certificate.eks","attribute":["certificates",0,"sha1_fingerprint"]},{"resource":"aws_subnet.private_a","attribute":["id"]},{"resource":"aws_eks_cluster.eks","attribute":["name"]},{"resource":"aws_iam_openid_connect_provider.eks","attribute":["url"]},{"resource":"aws_internet_gateway.igw","attribute":["id"]},{"resource":"aws_iam_role.eks_cluster_role","attribute":["name"]},{"resource":"aws_eks_cluster.eks","attribute":["identity",0,"oidc",0,"issuer"]},{"resource":"aws_subnet.public_a","attribute":["id"]},{"resource":"aws_eip.nat","attribute":["id"]},{"resource":"aws_iam_role.eks_node_role","attribute":["name"]},{"resource":"aws_iam_role.eks_cluster_role","attribute":["arn"]},{"resource":"aws_nat_gateway.nat","attribute":["id"]},{"resource":"data.aws_iam_policy_document.alb_controller_assume_role","attribute":["json"]},{"resource":"aws_iam_role.eks_node_role","attribute":["arn"]},{"resource":"aws_route_table.private","attribute":["id"]},{"resource":"aws_subnet.private_b","attribute":["id"]},{"resource":"aws_vpc.main","attribute":["id"]}],"timestamp":"2026-02-14T02:02:35Z","applyable":true,"complete":true,"errored":false}
